# This file was autogenerated by uv via the following command:
#    uv pip compile pyproject.toml -o uv.lock
annotated-types==0.7.0
    # via
    #   document-generator (pyproject.toml)
    #   pydantic
anyio==4.10.0
    # via
    #   document-generator (pyproject.toml)
    #   httpx
    #   mcp
    #   sse-starlette
    #   starlette
arabic-reshaper==3.0.0
    # via xhtml2pdf
asn1crypto==1.5.1
    # via
    #   oscrypto
    #   pyhanko
    #   pyhanko-certvalidator
attrs==25.3.0
    # via
    #   document-generator (pyproject.toml)
    #   jsonschema
    #   referencing
certifi==2025.8.3
    # via
    #   httpcore
    #   httpx
    #   requests
cffi==1.17.1
    # via cryptography
charset-normalizer==3.4.3
    # via
    #   reportlab
    #   requests
click==8.2.1
    # via uvicorn
colorama==0.4.6
    # via click
cryptography==45.0.6
    # via
    #   pyhanko
    #   pyhanko-certvalidator
cssselect2==0.8.0
    # via svglib
fastapi==0.116.1
    # via document-generator (pyproject.toml)
h11==0.16.0
    # via
    #   httpcore
    #   uvicorn
html5lib==1.1
    # via xhtml2pdf
httpcore==1.0.9
    # via httpx
httpx==0.28.1
    # via mcp
httpx-sse==0.4.1
    # via mcp
idna==3.10
    # via
    #   document-generator (pyproject.toml)
    #   anyio
    #   httpx
    #   requests
jsonschema==4.25.1
    # via document-generator (pyproject.toml)
jsonschema-specifications==2025.4.1
    # via
    #   document-generator (pyproject.toml)
    #   jsonschema
lxml==6.0.0
    # via
    #   pyhanko
    #   svglib
markdown2==2.5.4
    # via document-generator (pyproject.toml)
mcp==1.1.3
    # via document-generator (pyproject.toml)
oscrypto==1.3.0
    # via pyhanko-certvalidator
pillow==11.3.0
    # via
    #   document-generator (pyproject.toml)
    #   reportlab
    #   xhtml2pdf
pycparser==2.22
    # via cffi
pydantic==2.8.2
    # via
    #   document-generator (pyproject.toml)
    #   fastapi
    #   mcp
pydantic-core==2.20.1
    # via
    #   document-generator (pyproject.toml)
    #   pydantic
pyhanko==0.29.1
    # via xhtml2pdf
pyhanko-certvalidator==0.27.0
    # via
    #   pyhanko
    #   xhtml2pdf
pypandoc==1.15
    # via document-generator (pyproject.toml)
pypdf==6.0.0
    # via xhtml2pdf
python-bidi==0.6.6
    # via xhtml2pdf
pyyaml==6.0.2
    # via pyhanko
referencing==0.36.2
    # via
    #   document-generator (pyproject.toml)
    #   jsonschema
    #   jsonschema-specifications
reportlab==4.4.3
    # via
    #   document-generator (pyproject.toml)
    #   svglib
    #   xhtml2pdf
requests==2.32.5
    # via
    #   pyhanko
    #   pyhanko-certvalidator
rpds-py==0.27.0
    # via
    #   document-generator (pyproject.toml)
    #   jsonschema
    #   referencing
six==1.17.0
    # via html5lib
sniffio==1.3.1
    # via
    #   document-generator (pyproject.toml)
    #   anyio
sse-starlette==3.0.2
    # via mcp
starlette==0.47.2
    # via
    #   fastapi
    #   mcp
svglib==1.5.1
    # via xhtml2pdf
tinycss2==1.4.0
    # via
    #   cssselect2
    #   svglib
typing-extensions==4.14.1
    # via
    #   document-generator (pyproject.toml)
    #   fastapi
    #   pydantic
    #   pydantic-core
tzdata==2025.2
    # via tzlocal
tzlocal==5.3.1
    # via pyhanko
uritools==5.0.0
    # via pyhanko-certvalidator
urllib3==2.5.0
    # via requests
uvicorn==0.35.0
    # via document-generator (pyproject.toml)
webencodings==0.5.1
    # via
    #   cssselect2
    #   html5lib
    #   tinycss2
xhtml2pdf==0.2.17
    # via document-generator (pyproject.toml)
